
Microsoft Visual Studio Solution File, Format Version 12.00
# Visual Studio 15
VisualStudioVersion = 15.0.27130.2036
MinimumVisualStudioVersion = 10.0.40219.1
Project("{2150E333-8FDC-42A3-9474-1A3956D46DE8}") = "OSC", "OSC", "{CB64E3C9-7632-4946-8E54-073BA5E86FC0}"
EndProject
Project("{FAE04EC0-301F-11D3-BF4B-00C04F79EFBC}") = "Neuron.OSC.Data", "Neuron.OSC.Data\Neuron.OSC.Data.csproj", "{5ACECC8E-7768-453F-92CD-90E060A0DF2B}"
EndProject
Project("{2150E333-8FDC-42A3-9474-1A3956D46DE8}") = "Atpc", "Atpc", "{8FE409FD-80F6-4F52-B716-F7FCEBFF3A1F}"
EndProject
Project("{FAE04EC0-301F-11D3-BF4B-00C04F79EFBC}") = "NeuronCloud.Atpc.Co.WPF.RecursosComunes", "NeuronCloud.Atpc.Co.WPF.RecursosComunes\NeuronCloud.Atpc.Co.WPF.RecursosComunes.csproj", "{7E8CCA1D-DF1E-4DE0-938B-43DA8F1375B3}"
EndProject
Project("{FAE04EC0-301F-11D3-BF4B-00C04F79EFBC}") = "NeuronCloud.Atpc.Co.Modelos", "NeuronCloud.Atpc.Co.Modelos\NeuronCloud.Atpc.Co.Modelos.csproj", "{ED095928-C3FF-4676-9077-66434C3FDAF9}"
EndProject
Project("{FAE04EC0-301F-11D3-BF4B-00C04F79EFBC}") = "Neuron.HIS.Models.Common", "Neuron.HIS.Models.Common\Neuron.HIS.Models.Common.csproj", "{BBC35358-DB5E-453A-9AC1-CCDB2A553A21}"
EndProject
Project("{FAE04EC0-301F-11D3-BF4B-00C04F79EFBC}") = "Atpc.Common", "Atpc.Common\Atpc.Common.csproj", "{D99F689B-137D-4131-AA2B-9B9BFB9499F9}"
EndProject
Project("{FAE04EC0-301F-11D3-BF4B-00C04F79EFBC}") = "NeuronCloud.Atpc.Co.Modelos.Helpers", "NeuronCloud.Atpc.Co.Modelos.Helpers\NeuronCloud.Atpc.Co.Modelos.Helpers.csproj", "{74E220E4-D1E9-4E93-B5DC-CB4404FDBFCB}"
EndProject
Project("{FAE04EC0-301F-11D3-BF4B-00C04F79EFBC}") = "Neuron.UI.Controls", "Neuron.UI.Controls\Neuron.UI.Controls.csproj", "{F9FE2876-6EB3-4059-BB95-CAAEFAAE1C9D}"
EndProject
Project("{FAE04EC0-301F-11D3-BF4B-00C04F79EFBC}") = "Neuron.OSC", "Neuron.OSC\Neuron.OSC.csproj", "{83B11D5E-8A19-4566-B23A-6C87CBFCA094}"
EndProject
Project("{FAE04EC0-301F-11D3-BF4B-00C04F79EFBC}") = "NeuronCloud.Atpc.Co.WPF", "NeuronCloud.Atpc.Co.WPF\NeuronCloud.Atpc.Co.WPF.csproj", "{FCEB3A23-A895-4F07-9AAC-92931D43BBFE}"
EndProject
Project("{FAE04EC0-301F-11D3-BF4B-00C04F79EFBC}") = "Atpc.Common.Settings", "Atpc.Common.Settings\Atpc.Common.Settings.csproj", "{F6092D4C-AA34-4CC6-B8E3-60FAA01C8243}"
EndProject
Project("{FAE04EC0-301F-11D3-BF4B-00C04F79EFBC}") = "Atpc.UI.Controls", "Atpc.UI.Controls\Atpc.UI.Controls.csproj", "{6A5B7A47-FE5B-47F0-99F4-4C859DE785AE}"
EndProject
Project("{FAE04EC0-301F-11D3-BF4B-00C04F79EFBC}") = "NeuronCloud.Atpc.Co.Modelos.Data", "NeuronCloud.Atpc.Co.Modelos.Data\NeuronCloud.Atpc.Co.Modelos.Data.csproj", "{78A4B803-F8F1-409C-8E71-2EBB02992BEF}"
EndProject
Project("{FAE04EC0-301F-11D3-BF4B-00C04F79EFBC}") = "NeuronCloud.Atpc.Co.Providers", "NeuronCloud.Atpc.Co.Providers\NeuronCloud.Atpc.Co.Providers.csproj", "{EA318D53-6CF1-4D86-9F7B-BF637BD95A78}"
EndProject
Project("{2150E333-8FDC-42A3-9474-1A3956D46DE8}") = "Lysis", "Lysis", "{E806CEFD-41EE-4AC6-83A5-E03BF361B76D}"
EndProject
Project("{FAE04EC0-301F-11D3-BF4B-00C04F79EFBC}") = "Lysis.Commom.BarCode", "Lysis.Commom.BarCode\Lysis.Commom.BarCode.csproj", "{FE7AFDAD-7BD9-4F73-9DB4-020EB58D5185}"
EndProject
Project("{FAE04EC0-301F-11D3-BF4B-00C04F79EFBC}") = "Neuron.CommonResources", "Neuron.CommonResources\Neuron.CommonResources.csproj", "{3482D99B-08E5-4BAC-BFE3-091A91A12E1D}"
EndProject
Project("{2150E333-8FDC-42A3-9474-1A3956D46DE8}") = "CapturaManual", "CapturaManual", "{EBB1E5C8-8ABC-469A-89E1-F91CE8BF5B35}"
EndProject
Project("{2150E333-8FDC-42A3-9474-1A3956D46DE8}") = "Neuron", "Neuron", "{9DF59370-2A17-4A61-B122-F6FDE01AE7DD}"
EndProject
Project("{FAE04EC0-301F-11D3-BF4B-00C04F79EFBC}") = "Neuron.CapturaManual.Data", "Neuron.CapturaManual.Data\Neuron.CapturaManual.Data.csproj", "{2B7EF051-AE8F-4663-B0A6-C54F3EA6DD6F}"
EndProject
Project("{FAE04EC0-301F-11D3-BF4B-00C04F79EFBC}") = "Neuron.CapturaManual", "Neuron.CapturaManual\Neuron.CapturaManual.csproj", "{26EA130E-2D93-4DAA-8EAC-ADEDBF109EB5}"
EndProject
Project("{FAE04EC0-301F-11D3-BF4B-00C04F79EFBC}") = "Neuron.OSC.Ws", "Neuron.OSC.Ws\Neuron.OSC.Ws.csproj", "{B579FBB1-CC50-4FA3-848D-D34F4287C6E6}"
EndProject
Project("{FAE04EC0-301F-11D3-BF4B-00C04F79EFBC}") = "ValidarUsuarios", "ValidarUsuarios\ValidarUsuarios.csproj", "{4477F8DF-9C9B-44DF-828A-F1B65548A5C9}"
EndProject
Project("{F14B399A-7131-4C87-9E4B-1186C45EF12D}") = "WorkAroundReports", "WorkAroundReports\WorkAroundReports.rptproj", "{6F9A3091-97CF-4CBF-A52B-DF0F6F073D6B}"
EndProject
Global
	GlobalSection(SolutionConfigurationPlatforms) = preSolution
		Debug|Any CPU = Debug|Any CPU
		Debug|Itanium = Debug|Itanium
		Debug|Mixed Platforms = Debug|Mixed Platforms
		Debug|x86 = Debug|x86
		DebugLocal|Any CPU = DebugLocal|Any CPU
		DebugLocal|Itanium = DebugLocal|Itanium
		DebugLocal|Mixed Platforms = DebugLocal|Mixed Platforms
		DebugLocal|x86 = DebugLocal|x86
		Release|Any CPU = Release|Any CPU
		Release|Itanium = Release|Itanium
		Release|Mixed Platforms = Release|Mixed Platforms
		Release|x86 = Release|x86
	EndGlobalSection
	GlobalSection(ProjectConfigurationPlatforms) = postSolution
		{5ACECC8E-7768-453F-92CD-90E060A0DF2B}.Debug|Any CPU.ActiveCfg = Debug|Any CPU
		{5ACECC8E-7768-453F-92CD-90E060A0DF2B}.Debug|Any CPU.Build.0 = Debug|Any CPU
		{5ACECC8E-7768-453F-92CD-90E060A0DF2B}.Debug|Itanium.ActiveCfg = Debug|Any CPU
		{5ACECC8E-7768-453F-92CD-90E060A0DF2B}.Debug|Mixed Platforms.ActiveCfg = Debug|Any CPU
		{5ACECC8E-7768-453F-92CD-90E060A0DF2B}.Debug|Mixed Platforms.Build.0 = Debug|Any CPU
		{5ACECC8E-7768-453F-92CD-90E060A0DF2B}.Debug|x86.ActiveCfg = Debug|Any CPU
		{5ACECC8E-7768-453F-92CD-90E060A0DF2B}.DebugLocal|Any CPU.ActiveCfg = Debug|Any CPU
		{5ACECC8E-7768-453F-92CD-90E060A0DF2B}.DebugLocal|Any CPU.Build.0 = Debug|Any CPU
		{5ACECC8E-7768-453F-92CD-90E060A0DF2B}.DebugLocal|Itanium.ActiveCfg = Debug|Any CPU
		{5ACECC8E-7768-453F-92CD-90E060A0DF2B}.DebugLocal|Itanium.Build.0 = Debug|Any CPU
		{5ACECC8E-7768-453F-92CD-90E060A0DF2B}.DebugLocal|Mixed Platforms.ActiveCfg = Debug|Any CPU
		{5ACECC8E-7768-453F-92CD-90E060A0DF2B}.DebugLocal|Mixed Platforms.Build.0 = Debug|Any CPU
		{5ACECC8E-7768-453F-92CD-90E060A0DF2B}.DebugLocal|x86.ActiveCfg = Debug|Any CPU
		{5ACECC8E-7768-453F-92CD-90E060A0DF2B}.DebugLocal|x86.Build.0 = Debug|Any CPU
		{5ACECC8E-7768-453F-92CD-90E060A0DF2B}.Release|Any CPU.ActiveCfg = Release|Any CPU
		{5ACECC8E-7768-453F-92CD-90E060A0DF2B}.Release|Any CPU.Build.0 = Release|Any CPU
		{5ACECC8E-7768-453F-92CD-90E060A0DF2B}.Release|Itanium.ActiveCfg = Release|Any CPU
		{5ACECC8E-7768-453F-92CD-90E060A0DF2B}.Release|Mixed Platforms.ActiveCfg = Release|Any CPU
		{5ACECC8E-7768-453F-92CD-90E060A0DF2B}.Release|Mixed Platforms.Build.0 = Release|Any CPU
		{5ACECC8E-7768-453F-92CD-90E060A0DF2B}.Release|x86.ActiveCfg = Release|Any CPU
		{7E8CCA1D-DF1E-4DE0-938B-43DA8F1375B3}.Debug|Any CPU.ActiveCfg = Debug|Any CPU
		{7E8CCA1D-DF1E-4DE0-938B-43DA8F1375B3}.Debug|Any CPU.Build.0 = Debug|Any CPU
		{7E8CCA1D-DF1E-4DE0-938B-43DA8F1375B3}.Debug|Itanium.ActiveCfg = Debug|Any CPU
		{7E8CCA1D-DF1E-4DE0-938B-43DA8F1375B3}.Debug|Mixed Platforms.ActiveCfg = Debug|Any CPU
		{7E8CCA1D-DF1E-4DE0-938B-43DA8F1375B3}.Debug|Mixed Platforms.Build.0 = Debug|Any CPU
		{7E8CCA1D-DF1E-4DE0-938B-43DA8F1375B3}.Debug|x86.ActiveCfg = Debug|Any CPU
		{7E8CCA1D-DF1E-4DE0-938B-43DA8F1375B3}.DebugLocal|Any CPU.ActiveCfg = Debug|Any CPU
		{7E8CCA1D-DF1E-4DE0-938B-43DA8F1375B3}.DebugLocal|Any CPU.Build.0 = Debug|Any CPU
		{7E8CCA1D-DF1E-4DE0-938B-43DA8F1375B3}.DebugLocal|Itanium.ActiveCfg = Debug|Any CPU
		{7E8CCA1D-DF1E-4DE0-938B-43DA8F1375B3}.DebugLocal|Itanium.Build.0 = Debug|Any CPU
		{7E8CCA1D-DF1E-4DE0-938B-43DA8F1375B3}.DebugLocal|Mixed Platforms.ActiveCfg = Debug|Any CPU
		{7E8CCA1D-DF1E-4DE0-938B-43DA8F1375B3}.DebugLocal|Mixed Platforms.Build.0 = Debug|Any CPU
		{7E8CCA1D-DF1E-4DE0-938B-43DA8F1375B3}.DebugLocal|x86.ActiveCfg = Debug|Any CPU
		{7E8CCA1D-DF1E-4DE0-938B-43DA8F1375B3}.DebugLocal|x86.Build.0 = Debug|Any CPU
		{7E8CCA1D-DF1E-4DE0-938B-43DA8F1375B3}.Release|Any CPU.ActiveCfg = Release|Any CPU
		{7E8CCA1D-DF1E-4DE0-938B-43DA8F1375B3}.Release|Any CPU.Build.0 = Release|Any CPU
		{7E8CCA1D-DF1E-4DE0-938B-43DA8F1375B3}.Release|Itanium.ActiveCfg = Release|Any CPU
		{7E8CCA1D-DF1E-4DE0-938B-43DA8F1375B3}.Release|Mixed Platforms.ActiveCfg = Release|Any CPU
		{7E8CCA1D-DF1E-4DE0-938B-43DA8F1375B3}.Release|Mixed Platforms.Build.0 = Release|Any CPU
		{7E8CCA1D-DF1E-4DE0-938B-43DA8F1375B3}.Release|x86.ActiveCfg = Release|Any CPU
		{ED095928-C3FF-4676-9077-66434C3FDAF9}.Debug|Any CPU.ActiveCfg = Debug|Any CPU
		{ED095928-C3FF-4676-9077-66434C3FDAF9}.Debug|Any CPU.Build.0 = Debug|Any CPU
		{ED095928-C3FF-4676-9077-66434C3FDAF9}.Debug|Itanium.ActiveCfg = Debug|Any CPU
		{ED095928-C3FF-4676-9077-66434C3FDAF9}.Debug|Mixed Platforms.ActiveCfg = Debug|Any CPU
		{ED095928-C3FF-4676-9077-66434C3FDAF9}.Debug|Mixed Platforms.Build.0 = Debug|Any CPU
		{ED095928-C3FF-4676-9077-66434C3FDAF9}.Debug|x86.ActiveCfg = Debug|Any CPU
		{ED095928-C3FF-4676-9077-66434C3FDAF9}.DebugLocal|Any CPU.ActiveCfg = Debug|Any CPU
		{ED095928-C3FF-4676-9077-66434C3FDAF9}.DebugLocal|Any CPU.Build.0 = Debug|Any CPU
		{ED095928-C3FF-4676-9077-66434C3FDAF9}.DebugLocal|Itanium.ActiveCfg = Debug|Any CPU
		{ED095928-C3FF-4676-9077-66434C3FDAF9}.DebugLocal|Itanium.Build.0 = Debug|Any CPU
		{ED095928-C3FF-4676-9077-66434C3FDAF9}.DebugLocal|Mixed Platforms.ActiveCfg = Debug|Any CPU
		{ED095928-C3FF-4676-9077-66434C3FDAF9}.DebugLocal|Mixed Platforms.Build.0 = Debug|Any CPU
		{ED095928-C3FF-4676-9077-66434C3FDAF9}.DebugLocal|x86.ActiveCfg = Debug|Any CPU
		{ED095928-C3FF-4676-9077-66434C3FDAF9}.DebugLocal|x86.Build.0 = Debug|Any CPU
		{ED095928-C3FF-4676-9077-66434C3FDAF9}.Release|Any CPU.ActiveCfg = Release|Any CPU
		{ED095928-C3FF-4676-9077-66434C3FDAF9}.Release|Any CPU.Build.0 = Release|Any CPU
		{ED095928-C3FF-4676-9077-66434C3FDAF9}.Release|Itanium.ActiveCfg = Release|Any CPU
		{ED095928-C3FF-4676-9077-66434C3FDAF9}.Release|Mixed Platforms.ActiveCfg = Release|Any CPU
		{ED095928-C3FF-4676-9077-66434C3FDAF9}.Release|Mixed Platforms.Build.0 = Release|Any CPU
		{ED095928-C3FF-4676-9077-66434C3FDAF9}.Release|x86.ActiveCfg = Release|Any CPU
		{BBC35358-DB5E-453A-9AC1-CCDB2A553A21}.Debug|Any CPU.ActiveCfg = Debug|Any CPU
		{BBC35358-DB5E-453A-9AC1-CCDB2A553A21}.Debug|Any CPU.Build.0 = Debug|Any CPU
		{BBC35358-DB5E-453A-9AC1-CCDB2A553A21}.Debug|Itanium.ActiveCfg = Debug|Any CPU
		{BBC35358-DB5E-453A-9AC1-CCDB2A553A21}.Debug|Mixed Platforms.ActiveCfg = Debug|Any CPU
		{BBC35358-DB5E-453A-9AC1-CCDB2A553A21}.Debug|Mixed Platforms.Build.0 = Debug|Any CPU
		{BBC35358-DB5E-453A-9AC1-CCDB2A553A21}.Debug|x86.ActiveCfg = Debug|Any CPU
		{BBC35358-DB5E-453A-9AC1-CCDB2A553A21}.DebugLocal|Any CPU.ActiveCfg = Debug|Any CPU
		{BBC35358-DB5E-453A-9AC1-CCDB2A553A21}.DebugLocal|Any CPU.Build.0 = Debug|Any CPU
		{BBC35358-DB5E-453A-9AC1-CCDB2A553A21}.DebugLocal|Itanium.ActiveCfg = Debug|Any CPU
		{BBC35358-DB5E-453A-9AC1-CCDB2A553A21}.DebugLocal|Itanium.Build.0 = Debug|Any CPU
		{BBC35358-DB5E-453A-9AC1-CCDB2A553A21}.DebugLocal|Mixed Platforms.ActiveCfg = Debug|Any CPU
		{BBC35358-DB5E-453A-9AC1-CCDB2A553A21}.DebugLocal|Mixed Platforms.Build.0 = Debug|Any CPU
		{BBC35358-DB5E-453A-9AC1-CCDB2A553A21}.DebugLocal|x86.ActiveCfg = Debug|Any CPU
		{BBC35358-DB5E-453A-9AC1-CCDB2A553A21}.DebugLocal|x86.Build.0 = Debug|Any CPU
		{BBC35358-DB5E-453A-9AC1-CCDB2A553A21}.Release|Any CPU.ActiveCfg = Release|Any CPU
		{BBC35358-DB5E-453A-9AC1-CCDB2A553A21}.Release|Any CPU.Build.0 = Release|Any CPU
		{BBC35358-DB5E-453A-9AC1-CCDB2A553A21}.Release|Itanium.ActiveCfg = Release|Any CPU
		{BBC35358-DB5E-453A-9AC1-CCDB2A553A21}.Release|Mixed Platforms.ActiveCfg = Release|Any CPU
		{BBC35358-DB5E-453A-9AC1-CCDB2A553A21}.Release|Mixed Platforms.Build.0 = Release|Any CPU
		{BBC35358-DB5E-453A-9AC1-CCDB2A553A21}.Release|x86.ActiveCfg = Release|Any CPU
		{D99F689B-137D-4131-AA2B-9B9BFB9499F9}.Debug|Any CPU.ActiveCfg = Debug|Any CPU
		{D99F689B-137D-4131-AA2B-9B9BFB9499F9}.Debug|Any CPU.Build.0 = Debug|Any CPU
		{D99F689B-137D-4131-AA2B-9B9BFB9499F9}.Debug|Itanium.ActiveCfg = Debug|Any CPU
		{D99F689B-137D-4131-AA2B-9B9BFB9499F9}.Debug|Mixed Platforms.ActiveCfg = Debug|Any CPU
		{D99F689B-137D-4131-AA2B-9B9BFB9499F9}.Debug|Mixed Platforms.Build.0 = Debug|Any CPU
		{D99F689B-137D-4131-AA2B-9B9BFB9499F9}.Debug|x86.ActiveCfg = Debug|Any CPU
		{D99F689B-137D-4131-AA2B-9B9BFB9499F9}.DebugLocal|Any CPU.ActiveCfg = Debug|Any CPU
		{D99F689B-137D-4131-AA2B-9B9BFB9499F9}.DebugLocal|Any CPU.Build.0 = Debug|Any CPU
		{D99F689B-137D-4131-AA2B-9B9BFB9499F9}.DebugLocal|Itanium.ActiveCfg = Debug|Any CPU
		{D99F689B-137D-4131-AA2B-9B9BFB9499F9}.DebugLocal|Itanium.Build.0 = Debug|Any CPU
		{D99F689B-137D-4131-AA2B-9B9BFB9499F9}.DebugLocal|Mixed Platforms.ActiveCfg = Debug|Any CPU
		{D99F689B-137D-4131-AA2B-9B9BFB9499F9}.DebugLocal|Mixed Platforms.Build.0 = Debug|Any CPU
		{D99F689B-137D-4131-AA2B-9B9BFB9499F9}.DebugLocal|x86.ActiveCfg = Debug|Any CPU
		{D99F689B-137D-4131-AA2B-9B9BFB9499F9}.DebugLocal|x86.Build.0 = Debug|Any CPU
		{D99F689B-137D-4131-AA2B-9B9BFB9499F9}.Release|Any CPU.ActiveCfg = Release|Any CPU
		{D99F689B-137D-4131-AA2B-9B9BFB9499F9}.Release|Any CPU.Build.0 = Release|Any CPU
		{D99F689B-137D-4131-AA2B-9B9BFB9499F9}.Release|Itanium.ActiveCfg = Release|Any CPU
		{D99F689B-137D-4131-AA2B-9B9BFB9499F9}.Release|Mixed Platforms.ActiveCfg = Release|Any CPU
		{D99F689B-137D-4131-AA2B-9B9BFB9499F9}.Release|Mixed Platforms.Build.0 = Release|Any CPU
		{D99F689B-137D-4131-AA2B-9B9BFB9499F9}.Release|x86.ActiveCfg = Release|Any CPU
		{74E220E4-D1E9-4E93-B5DC-CB4404FDBFCB}.Debug|Any CPU.ActiveCfg = Debug|Any CPU
		{74E220E4-D1E9-4E93-B5DC-CB4404FDBFCB}.Debug|Any CPU.Build.0 = Debug|Any CPU
		{74E220E4-D1E9-4E93-B5DC-CB4404FDBFCB}.Debug|Itanium.ActiveCfg = Debug|Any CPU
		{74E220E4-D1E9-4E93-B5DC-CB4404FDBFCB}.Debug|Mixed Platforms.ActiveCfg = Debug|Any CPU
		{74E220E4-D1E9-4E93-B5DC-CB4404FDBFCB}.Debug|Mixed Platforms.Build.0 = Debug|Any CPU
		{74E220E4-D1E9-4E93-B5DC-CB4404FDBFCB}.Debug|x86.ActiveCfg = Debug|Any CPU
		{74E220E4-D1E9-4E93-B5DC-CB4404FDBFCB}.DebugLocal|Any CPU.ActiveCfg = Debug|Any CPU
		{74E220E4-D1E9-4E93-B5DC-CB4404FDBFCB}.DebugLocal|Any CPU.Build.0 = Debug|Any CPU
		{74E220E4-D1E9-4E93-B5DC-CB4404FDBFCB}.DebugLocal|Itanium.ActiveCfg = Debug|Any CPU
		{74E220E4-D1E9-4E93-B5DC-CB4404FDBFCB}.DebugLocal|Itanium.Build.0 = Debug|Any CPU
		{74E220E4-D1E9-4E93-B5DC-CB4404FDBFCB}.DebugLocal|Mixed Platforms.ActiveCfg = Debug|Any CPU
		{74E220E4-D1E9-4E93-B5DC-CB4404FDBFCB}.DebugLocal|Mixed Platforms.Build.0 = Debug|Any CPU
		{74E220E4-D1E9-4E93-B5DC-CB4404FDBFCB}.DebugLocal|x86.ActiveCfg = Debug|Any CPU
		{74E220E4-D1E9-4E93-B5DC-CB4404FDBFCB}.DebugLocal|x86.Build.0 = Debug|Any CPU
		{74E220E4-D1E9-4E93-B5DC-CB4404FDBFCB}.Release|Any CPU.ActiveCfg = Release|Any CPU
		{74E220E4-D1E9-4E93-B5DC-CB4404FDBFCB}.Release|Any CPU.Build.0 = Release|Any CPU
		{74E220E4-D1E9-4E93-B5DC-CB4404FDBFCB}.Release|Itanium.ActiveCfg = Release|Any CPU
		{74E220E4-D1E9-4E93-B5DC-CB4404FDBFCB}.Release|Mixed Platforms.ActiveCfg = Release|Any CPU
		{74E220E4-D1E9-4E93-B5DC-CB4404FDBFCB}.Release|Mixed Platforms.Build.0 = Release|Any CPU
		{74E220E4-D1E9-4E93-B5DC-CB4404FDBFCB}.Release|x86.ActiveCfg = Release|Any CPU
		{F9FE2876-6EB3-4059-BB95-CAAEFAAE1C9D}.Debug|Any CPU.ActiveCfg = Debug|Any CPU
		{F9FE2876-6EB3-4059-BB95-CAAEFAAE1C9D}.Debug|Any CPU.Build.0 = Debug|Any CPU
		{F9FE2876-6EB3-4059-BB95-CAAEFAAE1C9D}.Debug|Itanium.ActiveCfg = Debug|Any CPU
		{F9FE2876-6EB3-4059-BB95-CAAEFAAE1C9D}.Debug|Mixed Platforms.ActiveCfg = Debug|Any CPU
		{F9FE2876-6EB3-4059-BB95-CAAEFAAE1C9D}.Debug|Mixed Platforms.Build.0 = Debug|Any CPU
		{F9FE2876-6EB3-4059-BB95-CAAEFAAE1C9D}.Debug|x86.ActiveCfg = Debug|Any CPU
		{F9FE2876-6EB3-4059-BB95-CAAEFAAE1C9D}.DebugLocal|Any CPU.ActiveCfg = Debug|Any CPU
		{F9FE2876-6EB3-4059-BB95-CAAEFAAE1C9D}.DebugLocal|Any CPU.Build.0 = Debug|Any CPU
		{F9FE2876-6EB3-4059-BB95-CAAEFAAE1C9D}.DebugLocal|Itanium.ActiveCfg = Debug|Any CPU
		{F9FE2876-6EB3-4059-BB95-CAAEFAAE1C9D}.DebugLocal|Itanium.Build.0 = Debug|Any CPU
		{F9FE2876-6EB3-4059-BB95-CAAEFAAE1C9D}.DebugLocal|Mixed Platforms.ActiveCfg = Debug|Any CPU
		{F9FE2876-6EB3-4059-BB95-CAAEFAAE1C9D}.DebugLocal|Mixed Platforms.Build.0 = Debug|Any CPU
		{F9FE2876-6EB3-4059-BB95-CAAEFAAE1C9D}.DebugLocal|x86.ActiveCfg = Debug|Any CPU
		{F9FE2876-6EB3-4059-BB95-CAAEFAAE1C9D}.DebugLocal|x86.Build.0 = Debug|Any CPU
		{F9FE2876-6EB3-4059-BB95-CAAEFAAE1C9D}.Release|Any CPU.ActiveCfg = Release|Any CPU
		{F9FE2876-6EB3-4059-BB95-CAAEFAAE1C9D}.Release|Any CPU.Build.0 = Release|Any CPU
		{F9FE2876-6EB3-4059-BB95-CAAEFAAE1C9D}.Release|Itanium.ActiveCfg = Release|Any CPU
		{F9FE2876-6EB3-4059-BB95-CAAEFAAE1C9D}.Release|Mixed Platforms.ActiveCfg = Release|Any CPU
		{F9FE2876-6EB3-4059-BB95-CAAEFAAE1C9D}.Release|Mixed Platforms.Build.0 = Release|Any CPU
		{F9FE2876-6EB3-4059-BB95-CAAEFAAE1C9D}.Release|x86.ActiveCfg = Release|Any CPU
		{83B11D5E-8A19-4566-B23A-6C87CBFCA094}.Debug|Any CPU.ActiveCfg = Debug|Any CPU
		{83B11D5E-8A19-4566-B23A-6C87CBFCA094}.Debug|Any CPU.Build.0 = Debug|Any CPU
		{83B11D5E-8A19-4566-B23A-6C87CBFCA094}.Debug|Itanium.ActiveCfg = Debug|Any CPU
		{83B11D5E-8A19-4566-B23A-6C87CBFCA094}.Debug|Mixed Platforms.ActiveCfg = Debug|Any CPU
		{83B11D5E-8A19-4566-B23A-6C87CBFCA094}.Debug|Mixed Platforms.Build.0 = Debug|Any CPU
		{83B11D5E-8A19-4566-B23A-6C87CBFCA094}.Debug|x86.ActiveCfg = Debug|Any CPU
		{83B11D5E-8A19-4566-B23A-6C87CBFCA094}.DebugLocal|Any CPU.ActiveCfg = Debug|Any CPU
		{83B11D5E-8A19-4566-B23A-6C87CBFCA094}.DebugLocal|Any CPU.Build.0 = Debug|Any CPU
		{83B11D5E-8A19-4566-B23A-6C87CBFCA094}.DebugLocal|Itanium.ActiveCfg = Debug|Any CPU
		{83B11D5E-8A19-4566-B23A-6C87CBFCA094}.DebugLocal|Itanium.Build.0 = Debug|Any CPU
		{83B11D5E-8A19-4566-B23A-6C87CBFCA094}.DebugLocal|Mixed Platforms.ActiveCfg = Debug|Any CPU
		{83B11D5E-8A19-4566-B23A-6C87CBFCA094}.DebugLocal|Mixed Platforms.Build.0 = Debug|Any CPU
		{83B11D5E-8A19-4566-B23A-6C87CBFCA094}.DebugLocal|x86.ActiveCfg = Debug|Any CPU
		{83B11D5E-8A19-4566-B23A-6C87CBFCA094}.DebugLocal|x86.Build.0 = Debug|Any CPU
		{83B11D5E-8A19-4566-B23A-6C87CBFCA094}.Release|Any CPU.ActiveCfg = Release|Any CPU
		{83B11D5E-8A19-4566-B23A-6C87CBFCA094}.Release|Any CPU.Build.0 = Release|Any CPU
		{83B11D5E-8A19-4566-B23A-6C87CBFCA094}.Release|Itanium.ActiveCfg = Release|Any CPU
		{83B11D5E-8A19-4566-B23A-6C87CBFCA094}.Release|Mixed Platforms.ActiveCfg = Release|Any CPU
		{83B11D5E-8A19-4566-B23A-6C87CBFCA094}.Release|Mixed Platforms.Build.0 = Release|Any CPU
		{83B11D5E-8A19-4566-B23A-6C87CBFCA094}.Release|x86.ActiveCfg = Release|Any CPU
		{FCEB3A23-A895-4F07-9AAC-92931D43BBFE}.Debug|Any CPU.ActiveCfg = Debug|Any CPU
		{FCEB3A23-A895-4F07-9AAC-92931D43BBFE}.Debug|Any CPU.Build.0 = Debug|Any CPU
		{FCEB3A23-A895-4F07-9AAC-92931D43BBFE}.Debug|Itanium.ActiveCfg = Debug|Any CPU
		{FCEB3A23-A895-4F07-9AAC-92931D43BBFE}.Debug|Mixed Platforms.ActiveCfg = Debug|Any CPU
		{FCEB3A23-A895-4F07-9AAC-92931D43BBFE}.Debug|Mixed Platforms.Build.0 = Debug|Any CPU
		{FCEB3A23-A895-4F07-9AAC-92931D43BBFE}.Debug|x86.ActiveCfg = Debug|Any CPU
		{FCEB3A23-A895-4F07-9AAC-92931D43BBFE}.DebugLocal|Any CPU.ActiveCfg = Debug|Any CPU
		{FCEB3A23-A895-4F07-9AAC-92931D43BBFE}.DebugLocal|Any CPU.Build.0 = Debug|Any CPU
		{FCEB3A23-A895-4F07-9AAC-92931D43BBFE}.DebugLocal|Itanium.ActiveCfg = Debug|Any CPU
		{FCEB3A23-A895-4F07-9AAC-92931D43BBFE}.DebugLocal|Itanium.Build.0 = Debug|Any CPU
		{FCEB3A23-A895-4F07-9AAC-92931D43BBFE}.DebugLocal|Mixed Platforms.ActiveCfg = Debug|Any CPU
		{FCEB3A23-A895-4F07-9AAC-92931D43BBFE}.DebugLocal|Mixed Platforms.Build.0 = Debug|Any CPU
		{FCEB3A23-A895-4F07-9AAC-92931D43BBFE}.DebugLocal|x86.ActiveCfg = Debug|Any CPU
		{FCEB3A23-A895-4F07-9AAC-92931D43BBFE}.DebugLocal|x86.Build.0 = Debug|Any CPU
		{FCEB3A23-A895-4F07-9AAC-92931D43BBFE}.Release|Any CPU.ActiveCfg = Release|Any CPU
		{FCEB3A23-A895-4F07-9AAC-92931D43BBFE}.Release|Any CPU.Build.0 = Release|Any CPU
		{FCEB3A23-A895-4F07-9AAC-92931D43BBFE}.Release|Itanium.ActiveCfg = Release|Any CPU
		{FCEB3A23-A895-4F07-9AAC-92931D43BBFE}.Release|Mixed Platforms.ActiveCfg = Release|Any CPU
		{FCEB3A23-A895-4F07-9AAC-92931D43BBFE}.Release|Mixed Platforms.Build.0 = Release|Any CPU
		{FCEB3A23-A895-4F07-9AAC-92931D43BBFE}.Release|x86.ActiveCfg = Release|Any CPU
		{F6092D4C-AA34-4CC6-B8E3-60FAA01C8243}.Debug|Any CPU.ActiveCfg = Debug|Any CPU
		{F6092D4C-AA34-4CC6-B8E3-60FAA01C8243}.Debug|Any CPU.Build.0 = Debug|Any CPU
		{F6092D4C-AA34-4CC6-B8E3-60FAA01C8243}.Debug|Itanium.ActiveCfg = Debug|Any CPU
		{F6092D4C-AA34-4CC6-B8E3-60FAA01C8243}.Debug|Mixed Platforms.ActiveCfg = Debug|Any CPU
		{F6092D4C-AA34-4CC6-B8E3-60FAA01C8243}.Debug|Mixed Platforms.Build.0 = Debug|Any CPU
		{F6092D4C-AA34-4CC6-B8E3-60FAA01C8243}.Debug|x86.ActiveCfg = Debug|Any CPU
		{F6092D4C-AA34-4CC6-B8E3-60FAA01C8243}.DebugLocal|Any CPU.ActiveCfg = Debug|Any CPU
		{F6092D4C-AA34-4CC6-B8E3-60FAA01C8243}.DebugLocal|Any CPU.Build.0 = Debug|Any CPU
		{F6092D4C-AA34-4CC6-B8E3-60FAA01C8243}.DebugLocal|Itanium.ActiveCfg = Debug|Any CPU
		{F6092D4C-AA34-4CC6-B8E3-60FAA01C8243}.DebugLocal|Itanium.Build.0 = Debug|Any CPU
		{F6092D4C-AA34-4CC6-B8E3-60FAA01C8243}.DebugLocal|Mixed Platforms.ActiveCfg = Debug|Any CPU
		{F6092D4C-AA34-4CC6-B8E3-60FAA01C8243}.DebugLocal|Mixed Platforms.Build.0 = Debug|Any CPU
		{F6092D4C-AA34-4CC6-B8E3-60FAA01C8243}.DebugLocal|x86.ActiveCfg = Debug|Any CPU
		{F6092D4C-AA34-4CC6-B8E3-60FAA01C8243}.DebugLocal|x86.Build.0 = Debug|Any CPU
		{F6092D4C-AA34-4CC6-B8E3-60FAA01C8243}.Release|Any CPU.ActiveCfg = Release|Any CPU
		{F6092D4C-AA34-4CC6-B8E3-60FAA01C8243}.Release|Any CPU.Build.0 = Release|Any CPU
		{F6092D4C-AA34-4CC6-B8E3-60FAA01C8243}.Release|Itanium.ActiveCfg = Release|Any CPU
		{F6092D4C-AA34-4CC6-B8E3-60FAA01C8243}.Release|Mixed Platforms.ActiveCfg = Release|Any CPU
		{F6092D4C-AA34-4CC6-B8E3-60FAA01C8243}.Release|Mixed Platforms.Build.0 = Release|Any CPU
		{F6092D4C-AA34-4CC6-B8E3-60FAA01C8243}.Release|x86.ActiveCfg = Release|Any CPU
		{6A5B7A47-FE5B-47F0-99F4-4C859DE785AE}.Debug|Any CPU.ActiveCfg = Debug|Any CPU
		{6A5B7A47-FE5B-47F0-99F4-4C859DE785AE}.Debug|Any CPU.Build.0 = Debug|Any CPU
		{6A5B7A47-FE5B-47F0-99F4-4C859DE785AE}.Debug|Itanium.ActiveCfg = Debug|Itanium
		{6A5B7A47-FE5B-47F0-99F4-4C859DE785AE}.Debug|Itanium.Build.0 = Debug|Itanium
		{6A5B7A47-FE5B-47F0-99F4-4C859DE785AE}.Debug|Mixed Platforms.ActiveCfg = Debug|x86
		{6A5B7A47-FE5B-47F0-99F4-4C859DE785AE}.Debug|Mixed Platforms.Build.0 = Debug|x86
		{6A5B7A47-FE5B-47F0-99F4-4C859DE785AE}.Debug|x86.ActiveCfg = Debug|x86
		{6A5B7A47-FE5B-47F0-99F4-4C859DE785AE}.Debug|x86.Build.0 = Debug|x86
		{6A5B7A47-FE5B-47F0-99F4-4C859DE785AE}.DebugLocal|Any CPU.ActiveCfg = Debug|Any CPU
		{6A5B7A47-FE5B-47F0-99F4-4C859DE785AE}.DebugLocal|Any CPU.Build.0 = Debug|Any CPU
		{6A5B7A47-FE5B-47F0-99F4-4C859DE785AE}.DebugLocal|Itanium.ActiveCfg = Debug|Itanium
		{6A5B7A47-FE5B-47F0-99F4-4C859DE785AE}.DebugLocal|Itanium.Build.0 = Debug|Itanium
		{6A5B7A47-FE5B-47F0-99F4-4C859DE785AE}.DebugLocal|Mixed Platforms.ActiveCfg = Debug|x86
		{6A5B7A47-FE5B-47F0-99F4-4C859DE785AE}.DebugLocal|Mixed Platforms.Build.0 = Debug|x86
		{6A5B7A47-FE5B-47F0-99F4-4C859DE785AE}.DebugLocal|x86.ActiveCfg = Debug|x86
		{6A5B7A47-FE5B-47F0-99F4-4C859DE785AE}.DebugLocal|x86.Build.0 = Debug|x86
		{6A5B7A47-FE5B-47F0-99F4-4C859DE785AE}.Release|Any CPU.ActiveCfg = Release|Any CPU
		{6A5B7A47-FE5B-47F0-99F4-4C859DE785AE}.Release|Any CPU.Build.0 = Release|Any CPU
		{6A5B7A47-FE5B-47F0-99F4-4C859DE785AE}.Release|Itanium.ActiveCfg = Release|Itanium
		{6A5B7A47-FE5B-47F0-99F4-4C859DE785AE}.Release|Itanium.Build.0 = Release|Itanium
		{6A5B7A47-FE5B-47F0-99F4-4C859DE785AE}.Release|Mixed Platforms.ActiveCfg = Release|x86
		{6A5B7A47-FE5B-47F0-99F4-4C859DE785AE}.Release|Mixed Platforms.Build.0 = Release|x86
		{6A5B7A47-FE5B-47F0-99F4-4C859DE785AE}.Release|x86.ActiveCfg = Release|x86
		{6A5B7A47-FE5B-47F0-99F4-4C859DE785AE}.Release|x86.Build.0 = Release|x86
		{78A4B803-F8F1-409C-8E71-2EBB02992BEF}.Debug|Any CPU.ActiveCfg = Debug|Any CPU
		{78A4B803-F8F1-409C-8E71-2EBB02992BEF}.Debug|Any CPU.Build.0 = Debug|Any CPU
		{78A4B803-F8F1-409C-8E71-2EBB02992BEF}.Debug|Itanium.ActiveCfg = Debug|Any CPU
		{78A4B803-F8F1-409C-8E71-2EBB02992BEF}.Debug|Mixed Platforms.ActiveCfg = Debug|Any CPU
		{78A4B803-F8F1-409C-8E71-2EBB02992BEF}.Debug|Mixed Platforms.Build.0 = Debug|Any CPU
		{78A4B803-F8F1-409C-8E71-2EBB02992BEF}.Debug|x86.ActiveCfg = Debug|Any CPU
		{78A4B803-F8F1-409C-8E71-2EBB02992BEF}.DebugLocal|Any CPU.ActiveCfg = Debug|Any CPU
		{78A4B803-F8F1-409C-8E71-2EBB02992BEF}.DebugLocal|Any CPU.Build.0 = Debug|Any CPU
		{78A4B803-F8F1-409C-8E71-2EBB02992BEF}.DebugLocal|Itanium.ActiveCfg = Debug|Any CPU
		{78A4B803-F8F1-409C-8E71-2EBB02992BEF}.DebugLocal|Itanium.Build.0 = Debug|Any CPU
		{78A4B803-F8F1-409C-8E71-2EBB02992BEF}.DebugLocal|Mixed Platforms.ActiveCfg = Debug|Any CPU
		{78A4B803-F8F1-409C-8E71-2EBB02992BEF}.DebugLocal|Mixed Platforms.Build.0 = Debug|Any CPU
		{78A4B803-F8F1-409C-8E71-2EBB02992BEF}.DebugLocal|x86.ActiveCfg = Debug|Any CPU
		{78A4B803-F8F1-409C-8E71-2EBB02992BEF}.DebugLocal|x86.Build.0 = Debug|Any CPU
		{78A4B803-F8F1-409C-8E71-2EBB02992BEF}.Release|Any CPU.ActiveCfg = Release|Any CPU
		{78A4B803-F8F1-409C-8E71-2EBB02992BEF}.Release|Any CPU.Build.0 = Release|Any CPU
		{78A4B803-F8F1-409C-8E71-2EBB02992BEF}.Release|Itanium.ActiveCfg = Release|Any CPU
		{78A4B803-F8F1-409C-8E71-2EBB02992BEF}.Release|Mixed Platforms.ActiveCfg = Release|Any CPU
		{78A4B803-F8F1-409C-8E71-2EBB02992BEF}.Release|Mixed Platforms.Build.0 = Release|Any CPU
		{78A4B803-F8F1-409C-8E71-2EBB02992BEF}.Release|x86.ActiveCfg = Release|Any CPU
		{EA318D53-6CF1-4D86-9F7B-BF637BD95A78}.Debug|Any CPU.ActiveCfg = Debug|Any CPU
		{EA318D53-6CF1-4D86-9F7B-BF637BD95A78}.Debug|Any CPU.Build.0 = Debug|Any CPU
		{EA318D53-6CF1-4D86-9F7B-BF637BD95A78}.Debug|Itanium.ActiveCfg = Debug|Any CPU
		{EA318D53-6CF1-4D86-9F7B-BF637BD95A78}.Debug|Mixed Platforms.ActiveCfg = Debug|Any CPU
		{EA318D53-6CF1-4D86-9F7B-BF637BD95A78}.Debug|Mixed Platforms.Build.0 = Debug|Any CPU
		{EA318D53-6CF1-4D86-9F7B-BF637BD95A78}.Debug|x86.ActiveCfg = Debug|Any CPU
		{EA318D53-6CF1-4D86-9F7B-BF637BD95A78}.DebugLocal|Any CPU.ActiveCfg = Debug|Any CPU
		{EA318D53-6CF1-4D86-9F7B-BF637BD95A78}.DebugLocal|Any CPU.Build.0 = Debug|Any CPU
		{EA318D53-6CF1-4D86-9F7B-BF637BD95A78}.DebugLocal|Itanium.ActiveCfg = Debug|Any CPU
		{EA318D53-6CF1-4D86-9F7B-BF637BD95A78}.DebugLocal|Itanium.Build.0 = Debug|Any CPU
		{EA318D53-6CF1-4D86-9F7B-BF637BD95A78}.DebugLocal|Mixed Platforms.ActiveCfg = Debug|Any CPU
		{EA318D53-6CF1-4D86-9F7B-BF637BD95A78}.DebugLocal|Mixed Platforms.Build.0 = Debug|Any CPU
		{EA318D53-6CF1-4D86-9F7B-BF637BD95A78}.DebugLocal|x86.ActiveCfg = Debug|Any CPU
		{EA318D53-6CF1-4D86-9F7B-BF637BD95A78}.DebugLocal|x86.Build.0 = Debug|Any CPU
		{EA318D53-6CF1-4D86-9F7B-BF637BD95A78}.Release|Any CPU.ActiveCfg = Release|Any CPU
		{EA318D53-6CF1-4D86-9F7B-BF637BD95A78}.Release|Any CPU.Build.0 = Release|Any CPU
		{EA318D53-6CF1-4D86-9F7B-BF637BD95A78}.Release|Itanium.ActiveCfg = Release|Any CPU
		{EA318D53-6CF1-4D86-9F7B-BF637BD95A78}.Release|Mixed Platforms.ActiveCfg = Release|Any CPU
		{EA318D53-6CF1-4D86-9F7B-BF637BD95A78}.Release|Mixed Platforms.Build.0 = Release|Any CPU
		{EA318D53-6CF1-4D86-9F7B-BF637BD95A78}.Release|x86.ActiveCfg = Release|Any CPU
		{FE7AFDAD-7BD9-4F73-9DB4-020EB58D5185}.Debug|Any CPU.ActiveCfg = Debug|Any CPU
		{FE7AFDAD-7BD9-4F73-9DB4-020EB58D5185}.Debug|Any CPU.Build.0 = Debug|Any CPU
		{FE7AFDAD-7BD9-4F73-9DB4-020EB58D5185}.Debug|Itanium.ActiveCfg = Debug|Any CPU
		{FE7AFDAD-7BD9-4F73-9DB4-020EB58D5185}.Debug|Mixed Platforms.ActiveCfg = Debug|Any CPU
		{FE7AFDAD-7BD9-4F73-9DB4-020EB58D5185}.Debug|Mixed Platforms.Build.0 = Debug|Any CPU
		{FE7AFDAD-7BD9-4F73-9DB4-020EB58D5185}.Debug|x86.ActiveCfg = Debug|Any CPU
		{FE7AFDAD-7BD9-4F73-9DB4-020EB58D5185}.DebugLocal|Any CPU.ActiveCfg = Debug|Any CPU
		{FE7AFDAD-7BD9-4F73-9DB4-020EB58D5185}.DebugLocal|Any CPU.Build.0 = Debug|Any CPU
		{FE7AFDAD-7BD9-4F73-9DB4-020EB58D5185}.DebugLocal|Itanium.ActiveCfg = Debug|Any CPU
		{FE7AFDAD-7BD9-4F73-9DB4-020EB58D5185}.DebugLocal|Itanium.Build.0 = Debug|Any CPU
		{FE7AFDAD-7BD9-4F73-9DB4-020EB58D5185}.DebugLocal|Mixed Platforms.ActiveCfg = Debug|Any CPU
		{FE7AFDAD-7BD9-4F73-9DB4-020EB58D5185}.DebugLocal|Mixed Platforms.Build.0 = Debug|Any CPU
		{FE7AFDAD-7BD9-4F73-9DB4-020EB58D5185}.DebugLocal|x86.ActiveCfg = Debug|Any CPU
		{FE7AFDAD-7BD9-4F73-9DB4-020EB58D5185}.DebugLocal|x86.Build.0 = Debug|Any CPU
		{FE7AFDAD-7BD9-4F73-9DB4-020EB58D5185}.Release|Any CPU.ActiveCfg = Release|Any CPU
		{FE7AFDAD-7BD9-4F73-9DB4-020EB58D5185}.Release|Any CPU.Build.0 = Release|Any CPU
		{FE7AFDAD-7BD9-4F73-9DB4-020EB58D5185}.Release|Itanium.ActiveCfg = Release|Any CPU
		{FE7AFDAD-7BD9-4F73-9DB4-020EB58D5185}.Release|Mixed Platforms.ActiveCfg = Release|Any CPU
		{FE7AFDAD-7BD9-4F73-9DB4-020EB58D5185}.Release|Mixed Platforms.Build.0 = Release|Any CPU
		{FE7AFDAD-7BD9-4F73-9DB4-020EB58D5185}.Release|x86.ActiveCfg = Release|Any CPU
		{3482D99B-08E5-4BAC-BFE3-091A91A12E1D}.Debug|Any CPU.ActiveCfg = Debug|Any CPU
		{3482D99B-08E5-4BAC-BFE3-091A91A12E1D}.Debug|Any CPU.Build.0 = Debug|Any CPU
		{3482D99B-08E5-4BAC-BFE3-091A91A12E1D}.Debug|Itanium.ActiveCfg = Debug|Any CPU
		{3482D99B-08E5-4BAC-BFE3-091A91A12E1D}.Debug|Mixed Platforms.ActiveCfg = Debug|Any CPU
		{3482D99B-08E5-4BAC-BFE3-091A91A12E1D}.Debug|Mixed Platforms.Build.0 = Debug|Any CPU
		{3482D99B-08E5-4BAC-BFE3-091A91A12E1D}.Debug|x86.ActiveCfg = Debug|Any CPU
		{3482D99B-08E5-4BAC-BFE3-091A91A12E1D}.DebugLocal|Any CPU.ActiveCfg = Debug|Any CPU
		{3482D99B-08E5-4BAC-BFE3-091A91A12E1D}.DebugLocal|Any CPU.Build.0 = Debug|Any CPU
		{3482D99B-08E5-4BAC-BFE3-091A91A12E1D}.DebugLocal|Itanium.ActiveCfg = Debug|Any CPU
		{3482D99B-08E5-4BAC-BFE3-091A91A12E1D}.DebugLocal|Itanium.Build.0 = Debug|Any CPU
		{3482D99B-08E5-4BAC-BFE3-091A91A12E1D}.DebugLocal|Mixed Platforms.ActiveCfg = Debug|Any CPU
		{3482D99B-08E5-4BAC-BFE3-091A91A12E1D}.DebugLocal|Mixed Platforms.Build.0 = Debug|Any CPU
		{3482D99B-08E5-4BAC-BFE3-091A91A12E1D}.DebugLocal|x86.ActiveCfg = Debug|Any CPU
		{3482D99B-08E5-4BAC-BFE3-091A91A12E1D}.DebugLocal|x86.Build.0 = Debug|Any CPU
		{3482D99B-08E5-4BAC-BFE3-091A91A12E1D}.Release|Any CPU.ActiveCfg = Release|Any CPU
		{3482D99B-08E5-4BAC-BFE3-091A91A12E1D}.Release|Any CPU.Build.0 = Release|Any CPU
		{3482D99B-08E5-4BAC-BFE3-091A91A12E1D}.Release|Itanium.ActiveCfg = Release|Any CPU
		{3482D99B-08E5-4BAC-BFE3-091A91A12E1D}.Release|Mixed Platforms.ActiveCfg = Release|Any CPU
		{3482D99B-08E5-4BAC-BFE3-091A91A12E1D}.Release|Mixed Platforms.Build.0 = Release|Any CPU
		{3482D99B-08E5-4BAC-BFE3-091A91A12E1D}.Release|x86.ActiveCfg = Release|Any CPU
		{2B7EF051-AE8F-4663-B0A6-C54F3EA6DD6F}.Debug|Any CPU.ActiveCfg = Debug|Any CPU
		{2B7EF051-AE8F-4663-B0A6-C54F3EA6DD6F}.Debug|Any CPU.Build.0 = Debug|Any CPU
		{2B7EF051-AE8F-4663-B0A6-C54F3EA6DD6F}.Debug|Itanium.ActiveCfg = Debug|Any CPU
		{2B7EF051-AE8F-4663-B0A6-C54F3EA6DD6F}.Debug|Mixed Platforms.ActiveCfg = Debug|Any CPU
		{2B7EF051-AE8F-4663-B0A6-C54F3EA6DD6F}.Debug|Mixed Platforms.Build.0 = Debug|Any CPU
		{2B7EF051-AE8F-4663-B0A6-C54F3EA6DD6F}.Debug|x86.ActiveCfg = Debug|Any CPU
		{2B7EF051-AE8F-4663-B0A6-C54F3EA6DD6F}.DebugLocal|Any CPU.ActiveCfg = Debug|Any CPU
		{2B7EF051-AE8F-4663-B0A6-C54F3EA6DD6F}.DebugLocal|Any CPU.Build.0 = Debug|Any CPU
		{2B7EF051-AE8F-4663-B0A6-C54F3EA6DD6F}.DebugLocal|Itanium.ActiveCfg = Debug|Any CPU
		{2B7EF051-AE8F-4663-B0A6-C54F3EA6DD6F}.DebugLocal|Itanium.Build.0 = Debug|Any CPU
		{2B7EF051-AE8F-4663-B0A6-C54F3EA6DD6F}.DebugLocal|Mixed Platforms.ActiveCfg = Debug|Any CPU
		{2B7EF051-AE8F-4663-B0A6-C54F3EA6DD6F}.DebugLocal|Mixed Platforms.Build.0 = Debug|Any CPU
		{2B7EF051-AE8F-4663-B0A6-C54F3EA6DD6F}.DebugLocal|x86.ActiveCfg = Debug|Any CPU
		{2B7EF051-AE8F-4663-B0A6-C54F3EA6DD6F}.DebugLocal|x86.Build.0 = Debug|Any CPU
		{2B7EF051-AE8F-4663-B0A6-C54F3EA6DD6F}.Release|Any CPU.ActiveCfg = Release|Any CPU
		{2B7EF051-AE8F-4663-B0A6-C54F3EA6DD6F}.Release|Any CPU.Build.0 = Release|Any CPU
		{2B7EF051-AE8F-4663-B0A6-C54F3EA6DD6F}.Release|Itanium.ActiveCfg = Release|Any CPU
		{2B7EF051-AE8F-4663-B0A6-C54F3EA6DD6F}.Release|Mixed Platforms.ActiveCfg = Release|Any CPU
		{2B7EF051-AE8F-4663-B0A6-C54F3EA6DD6F}.Release|Mixed Platforms.Build.0 = Release|Any CPU
		{2B7EF051-AE8F-4663-B0A6-C54F3EA6DD6F}.Release|x86.ActiveCfg = Release|Any CPU
		{26EA130E-2D93-4DAA-8EAC-ADEDBF109EB5}.Debug|Any CPU.ActiveCfg = Debug|Any CPU
		{26EA130E-2D93-4DAA-8EAC-ADEDBF109EB5}.Debug|Any CPU.Build.0 = Debug|Any CPU
		{26EA130E-2D93-4DAA-8EAC-ADEDBF109EB5}.Debug|Itanium.ActiveCfg = Debug|Any CPU
		{26EA130E-2D93-4DAA-8EAC-ADEDBF109EB5}.Debug|Mixed Platforms.ActiveCfg = Debug|Any CPU
		{26EA130E-2D93-4DAA-8EAC-ADEDBF109EB5}.Debug|Mixed Platforms.Build.0 = Debug|Any CPU
		{26EA130E-2D93-4DAA-8EAC-ADEDBF109EB5}.Debug|x86.ActiveCfg = Debug|Any CPU
		{26EA130E-2D93-4DAA-8EAC-ADEDBF109EB5}.DebugLocal|Any CPU.ActiveCfg = Debug|Any CPU
		{26EA130E-2D93-4DAA-8EAC-ADEDBF109EB5}.DebugLocal|Any CPU.Build.0 = Debug|Any CPU
		{26EA130E-2D93-4DAA-8EAC-ADEDBF109EB5}.DebugLocal|Itanium.ActiveCfg = Debug|Any CPU
		{26EA130E-2D93-4DAA-8EAC-ADEDBF109EB5}.DebugLocal|Itanium.Build.0 = Debug|Any CPU
		{26EA130E-2D93-4DAA-8EAC-ADEDBF109EB5}.DebugLocal|Mixed Platforms.ActiveCfg = Debug|Any CPU
		{26EA130E-2D93-4DAA-8EAC-ADEDBF109EB5}.DebugLocal|Mixed Platforms.Build.0 = Debug|Any CPU
		{26EA130E-2D93-4DAA-8EAC-ADEDBF109EB5}.DebugLocal|x86.ActiveCfg = Debug|Any CPU
		{26EA130E-2D93-4DAA-8EAC-ADEDBF109EB5}.DebugLocal|x86.Build.0 = Debug|Any CPU
		{26EA130E-2D93-4DAA-8EAC-ADEDBF109EB5}.Release|Any CPU.ActiveCfg = Release|Any CPU
		{26EA130E-2D93-4DAA-8EAC-ADEDBF109EB5}.Release|Any CPU.Build.0 = Release|Any CPU
		{26EA130E-2D93-4DAA-8EAC-ADEDBF109EB5}.Release|Itanium.ActiveCfg = Release|Any CPU
		{26EA130E-2D93-4DAA-8EAC-ADEDBF109EB5}.Release|Mixed Platforms.ActiveCfg = Release|Any CPU
		{26EA130E-2D93-4DAA-8EAC-ADEDBF109EB5}.Release|Mixed Platforms.Build.0 = Release|Any CPU
		{26EA130E-2D93-4DAA-8EAC-ADEDBF109EB5}.Release|x86.ActiveCfg = Release|Any CPU
		{B579FBB1-CC50-4FA3-848D-D34F4287C6E6}.Debug|Any CPU.ActiveCfg = Debug|Any CPU
		{B579FBB1-CC50-4FA3-848D-D34F4287C6E6}.Debug|Any CPU.Build.0 = Debug|Any CPU
		{B579FBB1-CC50-4FA3-848D-D34F4287C6E6}.Debug|Itanium.ActiveCfg = Debug|Any CPU
		{B579FBB1-CC50-4FA3-848D-D34F4287C6E6}.Debug|Mixed Platforms.ActiveCfg = Debug|Any CPU
		{B579FBB1-CC50-4FA3-848D-D34F4287C6E6}.Debug|Mixed Platforms.Build.0 = Debug|Any CPU
		{B579FBB1-CC50-4FA3-848D-D34F4287C6E6}.Debug|x86.ActiveCfg = Debug|Any CPU
		{B579FBB1-CC50-4FA3-848D-D34F4287C6E6}.DebugLocal|Any CPU.ActiveCfg = Debug|Any CPU
		{B579FBB1-CC50-4FA3-848D-D34F4287C6E6}.DebugLocal|Any CPU.Build.0 = Debug|Any CPU
		{B579FBB1-CC50-4FA3-848D-D34F4287C6E6}.DebugLocal|Itanium.ActiveCfg = Debug|Any CPU
		{B579FBB1-CC50-4FA3-848D-D34F4287C6E6}.DebugLocal|Itanium.Build.0 = Debug|Any CPU
		{B579FBB1-CC50-4FA3-848D-D34F4287C6E6}.DebugLocal|Mixed Platforms.ActiveCfg = Debug|Any CPU
		{B579FBB1-CC50-4FA3-848D-D34F4287C6E6}.DebugLocal|Mixed Platforms.Build.0 = Debug|Any CPU
		{B579FBB1-CC50-4FA3-848D-D34F4287C6E6}.DebugLocal|x86.ActiveCfg = Debug|Any CPU
		{B579FBB1-CC50-4FA3-848D-D34F4287C6E6}.DebugLocal|x86.Build.0 = Debug|Any CPU
		{B579FBB1-CC50-4FA3-848D-D34F4287C6E6}.Release|Any CPU.ActiveCfg = Release|Any CPU
		{B579FBB1-CC50-4FA3-848D-D34F4287C6E6}.Release|Any CPU.Build.0 = Release|Any CPU
		{B579FBB1-CC50-4FA3-848D-D34F4287C6E6}.Release|Itanium.ActiveCfg = Release|Any CPU
		{B579FBB1-CC50-4FA3-848D-D34F4287C6E6}.Release|Mixed Platforms.ActiveCfg = Release|Any CPU
		{B579FBB1-CC50-4FA3-848D-D34F4287C6E6}.Release|Mixed Platforms.Build.0 = Release|Any CPU
		{B579FBB1-CC50-4FA3-848D-D34F4287C6E6}.Release|x86.ActiveCfg = Release|Any CPU
		{4477F8DF-9C9B-44DF-828A-F1B65548A5C9}.Debug|Any CPU.ActiveCfg = Debug|Any CPU
		{4477F8DF-9C9B-44DF-828A-F1B65548A5C9}.Debug|Any CPU.Build.0 = Debug|Any CPU
		{4477F8DF-9C9B-44DF-828A-F1B65548A5C9}.Debug|Itanium.ActiveCfg = Debug|Any CPU
		{4477F8DF-9C9B-44DF-828A-F1B65548A5C9}.Debug|Mixed Platforms.ActiveCfg = Debug|Any CPU
		{4477F8DF-9C9B-44DF-828A-F1B65548A5C9}.Debug|Mixed Platforms.Build.0 = Debug|Any CPU
		{4477F8DF-9C9B-44DF-828A-F1B65548A5C9}.Debug|x86.ActiveCfg = Debug|Any CPU
		{4477F8DF-9C9B-44DF-828A-F1B65548A5C9}.DebugLocal|Any CPU.ActiveCfg = Debug|Any CPU
		{4477F8DF-9C9B-44DF-828A-F1B65548A5C9}.DebugLocal|Any CPU.Build.0 = Debug|Any CPU
		{4477F8DF-9C9B-44DF-828A-F1B65548A5C9}.DebugLocal|Itanium.ActiveCfg = Debug|Any CPU
		{4477F8DF-9C9B-44DF-828A-F1B65548A5C9}.DebugLocal|Itanium.Build.0 = Debug|Any CPU
		{4477F8DF-9C9B-44DF-828A-F1B65548A5C9}.DebugLocal|Mixed Platforms.ActiveCfg = Debug|Any CPU
		{4477F8DF-9C9B-44DF-828A-F1B65548A5C9}.DebugLocal|Mixed Platforms.Build.0 = Debug|Any CPU
		{4477F8DF-9C9B-44DF-828A-F1B65548A5C9}.DebugLocal|x86.ActiveCfg = Debug|Any CPU
		{4477F8DF-9C9B-44DF-828A-F1B65548A5C9}.DebugLocal|x86.Build.0 = Debug|Any CPU
		{4477F8DF-9C9B-44DF-828A-F1B65548A5C9}.Release|Any CPU.ActiveCfg = Release|Any CPU
		{4477F8DF-9C9B-44DF-828A-F1B65548A5C9}.Release|Any CPU.Build.0 = Release|Any CPU
		{4477F8DF-9C9B-44DF-828A-F1B65548A5C9}.Release|Itanium.ActiveCfg = Release|Any CPU
		{4477F8DF-9C9B-44DF-828A-F1B65548A5C9}.Release|Mixed Platforms.ActiveCfg = Release|Any CPU
		{4477F8DF-9C9B-44DF-828A-F1B65548A5C9}.Release|Mixed Platforms.Build.0 = Release|Any CPU
		{4477F8DF-9C9B-44DF-828A-F1B65548A5C9}.Release|x86.ActiveCfg = Release|Any CPU
		{6F9A3091-97CF-4CBF-A52B-DF0F6F073D6B}.Debug|Any CPU.ActiveCfg = Debug
		{6F9A3091-97CF-4CBF-A52B-DF0F6F073D6B}.Debug|Any CPU.Build.0 = Debug
		{6F9A3091-97CF-4CBF-A52B-DF0F6F073D6B}.Debug|Any CPU.Deploy.0 = Debug
		{6F9A3091-97CF-4CBF-A52B-DF0F6F073D6B}.Debug|Itanium.ActiveCfg = Debug
		{6F9A3091-97CF-4CBF-A52B-DF0F6F073D6B}.Debug|Itanium.Build.0 = Debug
		{6F9A3091-97CF-4CBF-A52B-DF0F6F073D6B}.Debug|Itanium.Deploy.0 = Debug
		{6F9A3091-97CF-4CBF-A52B-DF0F6F073D6B}.Debug|Mixed Platforms.ActiveCfg = Debug
		{6F9A3091-97CF-4CBF-A52B-DF0F6F073D6B}.Debug|Mixed Platforms.Build.0 = Debug
		{6F9A3091-97CF-4CBF-A52B-DF0F6F073D6B}.Debug|Mixed Platforms.Deploy.0 = Debug
		{6F9A3091-97CF-4CBF-A52B-DF0F6F073D6B}.Debug|x86.ActiveCfg = Debug
		{6F9A3091-97CF-4CBF-A52B-DF0F6F073D6B}.Debug|x86.Build.0 = Debug
		{6F9A3091-97CF-4CBF-A52B-DF0F6F073D6B}.Debug|x86.Deploy.0 = Debug
		{6F9A3091-97CF-4CBF-A52B-DF0F6F073D6B}.DebugLocal|Any CPU.ActiveCfg = DebugLocal
		{6F9A3091-97CF-4CBF-A52B-DF0F6F073D6B}.DebugLocal|Any CPU.Build.0 = DebugLocal
		{6F9A3091-97CF-4CBF-A52B-DF0F6F073D6B}.DebugLocal|Itanium.ActiveCfg = DebugLocal
		{6F9A3091-97CF-4CBF-A52B-DF0F6F073D6B}.DebugLocal|Itanium.Build.0 = DebugLocal
		{6F9A3091-97CF-4CBF-A52B-DF0F6F073D6B}.DebugLocal|Mixed Platforms.ActiveCfg = DebugLocal
		{6F9A3091-97CF-4CBF-A52B-DF0F6F073D6B}.DebugLocal|Mixed Platforms.Build.0 = DebugLocal
		{6F9A3091-97CF-4CBF-A52B-DF0F6F073D6B}.DebugLocal|x86.ActiveCfg = DebugLocal
		{6F9A3091-97CF-4CBF-A52B-DF0F6F073D6B}.DebugLocal|x86.Build.0 = DebugLocal
		{6F9A3091-97CF-4CBF-A52B-DF0F6F073D6B}.Release|Any CPU.ActiveCfg = Release
		{6F9A3091-97CF-4CBF-A52B-DF0F6F073D6B}.Release|Any CPU.Build.0 = Release
		{6F9A3091-97CF-4CBF-A52B-DF0F6F073D6B}.Release|Any CPU.Deploy.0 = Release
		{6F9A3091-97CF-4CBF-A52B-DF0F6F073D6B}.Release|Itanium.ActiveCfg = Release
		{6F9A3091-97CF-4CBF-A52B-DF0F6F073D6B}.Release|Itanium.Build.0 = Release
		{6F9A3091-97CF-4CBF-A52B-DF0F6F073D6B}.Release|Itanium.Deploy.0 = Release
		{6F9A3091-97CF-4CBF-A52B-DF0F6F073D6B}.Release|Mixed Platforms.ActiveCfg = Release
		{6F9A3091-97CF-4CBF-A52B-DF0F6F073D6B}.Release|Mixed Platforms.Build.0 = Release
		{6F9A3091-97CF-4CBF-A52B-DF0F6F073D6B}.Release|Mixed Platforms.Deploy.0 = Release
		{6F9A3091-97CF-4CBF-A52B-DF0F6F073D6B}.Release|x86.ActiveCfg = Release
		{6F9A3091-97CF-4CBF-A52B-DF0F6F073D6B}.Release|x86.Build.0 = Release
		{6F9A3091-97CF-4CBF-A52B-DF0F6F073D6B}.Release|x86.Deploy.0 = Release
	EndGlobalSection
	GlobalSection(SolutionProperties) = preSolution
		HideSolutionNode = FALSE
	EndGlobalSection
	GlobalSection(NestedProjects) = preSolution
		{5ACECC8E-7768-453F-92CD-90E060A0DF2B} = {CB64E3C9-7632-4946-8E54-073BA5E86FC0}
		{8FE409FD-80F6-4F52-B716-F7FCEBFF3A1F} = {EBB1E5C8-8ABC-469A-89E1-F91CE8BF5B35}
		{7E8CCA1D-DF1E-4DE0-938B-43DA8F1375B3} = {9DF59370-2A17-4A61-B122-F6FDE01AE7DD}
		{ED095928-C3FF-4676-9077-66434C3FDAF9} = {9DF59370-2A17-4A61-B122-F6FDE01AE7DD}
		{BBC35358-DB5E-453A-9AC1-CCDB2A553A21} = {9DF59370-2A17-4A61-B122-F6FDE01AE7DD}
		{D99F689B-137D-4131-AA2B-9B9BFB9499F9} = {8FE409FD-80F6-4F52-B716-F7FCEBFF3A1F}
		{74E220E4-D1E9-4E93-B5DC-CB4404FDBFCB} = {9DF59370-2A17-4A61-B122-F6FDE01AE7DD}
		{F9FE2876-6EB3-4059-BB95-CAAEFAAE1C9D} = {9DF59370-2A17-4A61-B122-F6FDE01AE7DD}
		{83B11D5E-8A19-4566-B23A-6C87CBFCA094} = {CB64E3C9-7632-4946-8E54-073BA5E86FC0}
		{FCEB3A23-A895-4F07-9AAC-92931D43BBFE} = {9DF59370-2A17-4A61-B122-F6FDE01AE7DD}
		{F6092D4C-AA34-4CC6-B8E3-60FAA01C8243} = {8FE409FD-80F6-4F52-B716-F7FCEBFF3A1F}
		{6A5B7A47-FE5B-47F0-99F4-4C859DE785AE} = {8FE409FD-80F6-4F52-B716-F7FCEBFF3A1F}
		{78A4B803-F8F1-409C-8E71-2EBB02992BEF} = {9DF59370-2A17-4A61-B122-F6FDE01AE7DD}
		{EA318D53-6CF1-4D86-9F7B-BF637BD95A78} = {9DF59370-2A17-4A61-B122-F6FDE01AE7DD}
		{FE7AFDAD-7BD9-4F73-9DB4-020EB58D5185} = {E806CEFD-41EE-4AC6-83A5-E03BF361B76D}
		{3482D99B-08E5-4BAC-BFE3-091A91A12E1D} = {9DF59370-2A17-4A61-B122-F6FDE01AE7DD}
		{2B7EF051-AE8F-4663-B0A6-C54F3EA6DD6F} = {EBB1E5C8-8ABC-469A-89E1-F91CE8BF5B35}
		{26EA130E-2D93-4DAA-8EAC-ADEDBF109EB5} = {EBB1E5C8-8ABC-469A-89E1-F91CE8BF5B35}
		{B579FBB1-CC50-4FA3-848D-D34F4287C6E6} = {CB64E3C9-7632-4946-8E54-073BA5E86FC0}
		{6F9A3091-97CF-4CBF-A52B-DF0F6F073D6B} = {CB64E3C9-7632-4946-8E54-073BA5E86FC0}
	EndGlobalSection
	GlobalSection(ExtensibilityGlobals) = postSolution
		SolutionGuid = {01BBBCEF-1019-4682-8B42-CA4AB3E0FFB0}
	EndGlobalSection
EndGlobal
